
Microsoft Visual Studio Solution File, Format Version 12.00
# Visual Studio Version 16
VisualStudioVersion = 16.0.30011.22
MinimumVisualStudioVersion = 10.0.40219.1
Project("{9A19103F-16F7-4668-BE54-9A1E7A4F7556}") = "AzureFunctions_SwashBuckle", "FunctionApp1\AzureFunctions_SwashBuckle.csproj", "{2A31ED58-32F1-49E4-9B00-2397E875C552}"
EndProject
Global
	GlobalSection(SolutionConfigurationPlatforms) = preSolution
		Debug|Any CPU = Debug|Any CPU
		Release|Any CPU = Release|Any CPU
	EndGlobalSection
	GlobalSection(ProjectConfigurationPlatforms) = postSolution
		{2A31ED58-32F1-49E4-9B00-2397E875C552}.Debug|Any CPU.ActiveCfg = Debug|Any CPU
		{2A31ED58-32F1-49E4-9B00-2397E875C552}.Debug|Any CPU.Build.0 = Debug|Any CPU
		{2A31ED58-32F1-49E4-9B00-2397E875C552}.Release|Any CPU.ActiveCfg = Release|Any CPU
		{2A31ED58-32F1-49E4-9B00-2397E875C552}.Release|Any CPU.Build.0 = Release|Any CPU
	EndGlobalSection
	GlobalSection(SolutionProperties) = preSolution
		HideSolutionNode = FALSE
	EndGlobalSection
	GlobalSection(ExtensibilityGlobals) = postSolution
		SolutionGuid = {13C2475B-1B40-4364-9F5F-B36E7450BA5D}
	EndGlobalSection
EndGlobal
